
Microsoft Visual Studio Solution File, Format Version 12.00
# Visual Studio Version 16
VisualStudioVersion = 16.0.29613.14
MinimumVisualStudioVersion = 10.0.40219.1
Project("{9A19103F-16F7-4668-BE54-9A1E7A4F7556}") = "SensorsAnalytics", "SensorsAnalytics.csproj", "{74A85A7A-FF56-48BD-8703-CE8FCA5293EB}"
EndProject
Project("{FAE04EC0-301F-11D3-BF4B-00C04F79EFBC}") = "DotNetFrameworkDemo", "..\DotNetFrameworkDemo\DotNetFrameworkDemo.csproj", "{8920AA42-6EB5-4D7F-AB2E-ED448B07DF34}"
EndProject
Project("{FAE04EC0-301F-11D3-BF4B-00C04F79EFBC}") = "DotNetCoreDemo", "..\DotNetCoreDemo\DotNetCoreDemo.csproj", "{98B2CDF2-B0AD-4871-AA12-9AFD2BF0E167}"
EndProject
Project("{FAE04EC0-301F-11D3-BF4B-00C04F79EFBC}") = "SAUnitTest", "..\SAUnitTest\SAUnitTest.csproj", "{F1792D85-FFEA-46E9-8459-3144A2A1D39F}"
EndProject
Global
	GlobalSection(SolutionConfigurationPlatforms) = preSolution
		Debug|Any CPU = Debug|Any CPU
		Release|Any CPU = Release|Any CPU
	EndGlobalSection
	GlobalSection(ProjectConfigurationPlatforms) = postSolution
		{74A85A7A-FF56-48BD-8703-CE8FCA5293EB}.Debug|Any CPU.ActiveCfg = Debug|Any CPU
		{74A85A7A-FF56-48BD-8703-CE8FCA5293EB}.Debug|Any CPU.Build.0 = Debug|Any CPU
		{74A85A7A-FF56-48BD-8703-CE8FCA5293EB}.Release|Any CPU.ActiveCfg = Release|Any CPU
		{74A85A7A-FF56-48BD-8703-CE8FCA5293EB}.Release|Any CPU.Build.0 = Release|Any CPU
		{8920AA42-6EB5-4D7F-AB2E-ED448B07DF34}.Debug|Any CPU.ActiveCfg = Debug|Any CPU
		{8920AA42-6EB5-4D7F-AB2E-ED448B07DF34}.Debug|Any CPU.Build.0 = Debug|Any CPU
		{8920AA42-6EB5-4D7F-AB2E-ED448B07DF34}.Release|Any CPU.ActiveCfg = Release|Any CPU
		{8920AA42-6EB5-4D7F-AB2E-ED448B07DF34}.Release|Any CPU.Build.0 = Release|Any CPU
		{98B2CDF2-B0AD-4871-AA12-9AFD2BF0E167}.Debug|Any CPU.ActiveCfg = Debug|Any CPU
		{98B2CDF2-B0AD-4871-AA12-9AFD2BF0E167}.Debug|Any CPU.Build.0 = Debug|Any CPU
		{98B2CDF2-B0AD-4871-AA12-9AFD2BF0E167}.Release|Any CPU.ActiveCfg = Release|Any CPU
		{98B2CDF2-B0AD-4871-AA12-9AFD2BF0E167}.Release|Any CPU.Build.0 = Release|Any CPU
		{F1792D85-FFEA-46E9-8459-3144A2A1D39F}.Debug|Any CPU.ActiveCfg = Debug|Any CPU
		{F1792D85-FFEA-46E9-8459-3144A2A1D39F}.Debug|Any CPU.Build.0 = Debug|Any CPU
		{F1792D85-FFEA-46E9-8459-3144A2A1D39F}.Release|Any CPU.ActiveCfg = Release|Any CPU
		{F1792D85-FFEA-46E9-8459-3144A2A1D39F}.Release|Any CPU.Build.0 = Release|Any CPU
	EndGlobalSection
	GlobalSection(SolutionProperties) = preSolution
		HideSolutionNode = FALSE
	EndGlobalSection
	GlobalSection(ExtensibilityGlobals) = postSolution
		SolutionGuid = {AF173707-65D3-4639-A922-417C85B0DE0E}
	EndGlobalSection
EndGlobal
